
Microsoft Visual Studio Solution File, Format Version 12.00
# Visual Studio Version 17
VisualStudioVersion = 17.7.34031.279
MinimumVisualStudioVersion = 10.0.40219.1
Project("{8BC9CEB8-8B4A-11D0-8D11-00A0C91BC942}") = "Quest4-5_Livro", "Quest4-5_Livro\Quest4-5_Livro.vcxproj", "{B710DBCE-A650-46FE-811E-9334CD1AD08D}"
EndProject
Project("{8BC9CEB8-8B4A-11D0-8D11-00A0C91BC942}") = "Quest2-3_Pixel", "Quest2-3_Pixel\Quest2-3_Pixel.vcxproj", "{E499C531-1025-4B5E-80B5-D004E25C4A80}"
EndProject
Global
	GlobalSection(SolutionConfigurationPlatforms) = preSolution
		Debug|x64 = Debug|x64
		Debug|x86 = Debug|x86
		Release|x64 = Release|x64
		Release|x86 = Release|x86
	EndGlobalSection
	GlobalSection(ProjectConfigurationPlatforms) = postSolution
		{B710DBCE-A650-46FE-811E-9334CD1AD08D}.Debug|x64.ActiveCfg = Debug|x64
		{B710DBCE-A650-46FE-811E-9334CD1AD08D}.Debug|x64.Build.0 = Debug|x64
		{B710DBCE-A650-46FE-811E-9334CD1AD08D}.Debug|x86.ActiveCfg = Debug|Win32
		{B710DBCE-A650-46FE-811E-9334CD1AD08D}.Debug|x86.Build.0 = Debug|Win32
		{B710DBCE-A650-46FE-811E-9334CD1AD08D}.Release|x64.ActiveCfg = Release|x64
		{B710DBCE-A650-46FE-811E-9334CD1AD08D}.Release|x64.Build.0 = Release|x64
		{B710DBCE-A650-46FE-811E-9334CD1AD08D}.Release|x86.ActiveCfg = Release|Win32
		{B710DBCE-A650-46FE-811E-9334CD1AD08D}.Release|x86.Build.0 = Release|Win32
		{E499C531-1025-4B5E-80B5-D004E25C4A80}.Debug|x64.ActiveCfg = Debug|x64
		{E499C531-1025-4B5E-80B5-D004E25C4A80}.Debug|x64.Build.0 = Debug|x64
		{E499C531-1025-4B5E-80B5-D004E25C4A80}.Debug|x86.ActiveCfg = Debug|Win32
		{E499C531-1025-4B5E-80B5-D004E25C4A80}.Debug|x86.Build.0 = Debug|Win32
		{E499C531-1025-4B5E-80B5-D004E25C4A80}.Release|x64.ActiveCfg = Release|x64
		{E499C531-1025-4B5E-80B5-D004E25C4A80}.Release|x64.Build.0 = Release|x64
		{E499C531-1025-4B5E-80B5-D004E25C4A80}.Release|x86.ActiveCfg = Release|Win32
		{E499C531-1025-4B5E-80B5-D004E25C4A80}.Release|x86.Build.0 = Release|Win32
	EndGlobalSection
	GlobalSection(SolutionProperties) = preSolution
		HideSolutionNode = FALSE
	EndGlobalSection
	GlobalSection(ExtensibilityGlobals) = postSolution
		SolutionGuid = {17814448-434C-45A7-9518-8591175B3F70}
	EndGlobalSection
EndGlobal
